
Microsoft Visual Studio Solution File, Format Version 12.00
# Visual Studio Version 16
VisualStudioVersion = 16.0.32602.291
MinimumVisualStudioVersion = 10.0.40219.1
Project("{FAE04EC0-301F-11D3-BF4B-00C04F79EFBC}") = "WebApplicationtWSR", "WebApplicationtWSR\WebApplicationtWSR.csproj", "{725A9996-0731-4824-A747-C8D49A157A8E}"
EndProject
Global
	GlobalSection(SolutionConfigurationPlatforms) = preSolution
		Debug|Any CPU = Debug|Any CPU
		Release|Any CPU = Release|Any CPU
	EndGlobalSection
	GlobalSection(ProjectConfigurationPlatforms) = postSolution
		{725A9996-0731-4824-A747-C8D49A157A8E}.Debug|Any CPU.ActiveCfg = Debug|Any CPU
		{725A9996-0731-4824-A747-C8D49A157A8E}.Debug|Any CPU.Build.0 = Debug|Any CPU
		{725A9996-0731-4824-A747-C8D49A157A8E}.Release|Any CPU.ActiveCfg = Release|Any CPU
		{725A9996-0731-4824-A747-C8D49A157A8E}.Release|Any CPU.Build.0 = Release|Any CPU
	EndGlobalSection
	GlobalSection(SolutionProperties) = preSolution
		HideSolutionNode = FALSE
	EndGlobalSection
	GlobalSection(ExtensibilityGlobals) = postSolution
		SolutionGuid = {F875915B-837C-47AD-BB76-755FE3475586}
	EndGlobalSection
EndGlobal
